
Microsoft Visual Studio Solution File, Format Version 12.00
# Visual Studio Version 16
VisualStudioVersion = 16.0.28714.193
MinimumVisualStudioVersion = 10.0.40219.1
Project("{9A19103F-16F7-4668-BE54-9A1E7A4F7556}") = "SAFE.Data.Common", "SAFE.Data.Common\SAFE.Data.Common.csproj", "{C0352AD7-5A17-4964-8AB2-8CA2639F9CD3}"
EndProject
Global
	GlobalSection(SolutionConfigurationPlatforms) = preSolution
		Debug|x64 = Debug|x64
		Release|x64 = Release|x64
	EndGlobalSection
	GlobalSection(ProjectConfigurationPlatforms) = postSolution
		{C0352AD7-5A17-4964-8AB2-8CA2639F9CD3}.Debug|x64.ActiveCfg = Debug|x64
		{C0352AD7-5A17-4964-8AB2-8CA2639F9CD3}.Debug|x64.Build.0 = Debug|x64
		{C0352AD7-5A17-4964-8AB2-8CA2639F9CD3}.Release|x64.ActiveCfg = Release|x64
		{C0352AD7-5A17-4964-8AB2-8CA2639F9CD3}.Release|x64.Build.0 = Release|x64
	EndGlobalSection
	GlobalSection(SolutionProperties) = preSolution
		HideSolutionNode = FALSE
	EndGlobalSection
	GlobalSection(ExtensibilityGlobals) = postSolution
		SolutionGuid = {E920642E-83BC-4D19-ADD7-3FF45AE2EFB3}
	EndGlobalSection
EndGlobal
